// !$*UTF8*$!
{
	archiveVersion = 1;
	classes = {
	};
	objectVersion = 50;
	objects = {

/* Begin PBXBuildFile section */
		AF11240C2220214C006B5DDF /* Ball.cpp in Sources */ = {isa = PBXBuildFile; fileRef = AF11240A2220214C006B5DDF /* Ball.cpp */; };
		AF11241222204553006B5DDF /* GameManager.cpp in Sources */ = {isa = PBXBuildFile; fileRef = AF11241022204553006B5DDF /* GameManager.cpp */; };
		AF11241822204A3A006B5DDF /* Bricks.cpp in Sources */ = {isa = PBXBuildFile; fileRef = AF11241622204A3A006B5DDF /* Bricks.cpp */; };
		AF11241E2222CD36006B5DDF /* InputManager.cpp in Sources */ = {isa = PBXBuildFile; fileRef = AF11241C2222CD36006B5DDF /* InputManager.cpp */; };
		AF81964E222ECE8400EDB3D4 /* libSDL2-2.0.0.dylib in Frameworks */ = {isa = PBXBuildFile; fileRef = AFE73616221C8011006EBE63 /* libSDL2-2.0.0.dylib */; };
		AF819653222EEF2B00EDB3D4 /* Paddle.cpp in Sources */ = {isa = PBXBuildFile; fileRef = AF819652222EEF2B00EDB3D4 /* Paddle.cpp */; };
		AFE7360F221C7BB8006EBE63 /* main.cpp in Sources */ = {isa = PBXBuildFile; fileRef = AFE7360E221C7BB8006EBE63 /* main.cpp */; };
/* End PBXBuildFile section */

/* Begin PBXCopyFilesBuildPhase section */
		AFE73609221C7BB8006EBE63 /* CopyFiles */ = {
			isa = PBXCopyFilesBuildPhase;
			buildActionMask = 2147483647;
			dstPath = /usr/share/man/man1/;
			dstSubfolderSpec = 0;
			files = (
			);
			runOnlyForDeploymentPostprocessing = 1;
		};
/* End PBXCopyFilesBuildPhase section */

/* Begin PBXFileReference section */
		AF11240A2220214C006B5DDF /* Ball.cpp */ = {isa = PBXFileReference; lastKnownFileType = sourcecode.cpp.cpp; path = Ball.cpp; sourceTree = "<group>"; };
		AF11240B2220214C006B5DDF /* Ball.hpp */ = {isa = PBXFileReference; lastKnownFileType = sourcecode.cpp.h; path = Ball.hpp; sourceTree = "<group>"; };
		AF11241022204553006B5DDF /* GameManager.cpp */ = {isa = PBXFileReference; lastKnownFileType = sourcecode.cpp.cpp; path = GameManager.cpp; sourceTree = "<group>"; };
		AF11241122204553006B5DDF /* GameManager.hpp */ = {isa = PBXFileReference; lastKnownFileType = sourcecode.cpp.h; path = GameManager.hpp; sourceTree = "<group>"; };
		AF11241422204979006B5DDF /* Brick.hpp */ = {isa = PBXFileReference; lastKnownFileType = sourcecode.cpp.h; path = Brick.hpp; sourceTree = "<group>"; };
		AF11241622204A3A006B5DDF /* Bricks.cpp */ = {isa = PBXFileReference; lastKnownFileType = sourcecode.cpp.cpp; path = Bricks.cpp; sourceTree = "<group>"; };
		AF11241722204A3A006B5DDF /* Bricks.hpp */ = {isa = PBXFileReference; lastKnownFileType = sourcecode.cpp.h; path = Bricks.hpp; sourceTree = "<group>"; };
		AF11241A22204C45006B5DDF /* Paddle.hpp */ = {isa = PBXFileReference; lastKnownFileType = sourcecode.cpp.h; path = Paddle.hpp; sourceTree = "<group>"; };
		AF11241C2222CD36006B5DDF /* InputManager.cpp */ = {isa = PBXFileReference; lastKnownFileType = sourcecode.cpp.cpp; path = InputManager.cpp; sourceTree = "<group>"; };
		AF11241D2222CD36006B5DDF /* InputManager.hpp */ = {isa = PBXFileReference; lastKnownFileType = sourcecode.cpp.h; path = InputManager.hpp; sourceTree = "<group>"; };
		AF819652222EEF2B00EDB3D4 /* Paddle.cpp */ = {isa = PBXFileReference; lastKnownFileType = sourcecode.cpp.cpp; path = Paddle.cpp; sourceTree = "<group>"; };
		AFE7360B221C7BB8006EBE63 /* BrickBraker */ = {isa = PBXFileReference; explicitFileType = "compiled.mach-o.executable"; includeInIndex = 0; path = BrickBraker; sourceTree = BUILT_PRODUCTS_DIR; };
		AFE7360E221C7BB8006EBE63 /* main.cpp */ = {isa = PBXFileReference; lastKnownFileType = sourcecode.cpp.cpp; path = main.cpp; sourceTree = "<group>"; };
		AFE73616221C8011006EBE63 /* libSDL2-2.0.0.dylib */ = {isa = PBXFileReference; lastKnownFileType = "compiled.mach-o.dylib"; name = "libSDL2-2.0.0.dylib"; path = "../../../../usr/local/Cellar/sdl2/2.0.9/lib/libSDL2-2.0.0.dylib"; sourceTree = "<group>"; };
		AFE7361C221C9603006EBE63 /* ball.bmp */ = {isa = PBXFileReference; lastKnownFileType = image.bmp; path = ball.bmp; sourceTree = "<group>"; };
/* End PBXFileReference section */

/* Begin PBXFrameworksBuildPhase section */
		AFE73608221C7BB8006EBE63 /* Frameworks */ = {
			isa = PBXFrameworksBuildPhase;
			buildActionMask = 2147483647;
			files = (
				AF81964E222ECE8400EDB3D4 /* libSDL2-2.0.0.dylib in Frameworks */,
			);
			runOnlyForDeploymentPostprocessing = 0;
		};
/* End PBXFrameworksBuildPhase section */

/* Begin PBXGroup section */
		AFE73602221C7BB8006EBE63 = {
			isa = PBXGroup;
			children = (
				AFE7360D221C7BB8006EBE63 /* BrickBraker */,
				AFE7360C221C7BB8006EBE63 /* Products */,
				AFE73615221C8010006EBE63 /* Frameworks */,
			);
			sourceTree = "<group>";
		};
		AFE7360C221C7BB8006EBE63 /* Products */ = {
			isa = PBXGroup;
			children = (
				AFE7360B221C7BB8006EBE63 /* BrickBraker */,
			);
			name = Products;
			sourceTree = "<group>";
		};
		AFE7360D221C7BB8006EBE63 /* BrickBraker */ = {
			isa = PBXGroup;
			children = (
				AFE7361C221C9603006EBE63 /* ball.bmp */,
				AFE7360E221C7BB8006EBE63 /* main.cpp */,
				AF11240A2220214C006B5DDF /* Ball.cpp */,
				AF11240B2220214C006B5DDF /* Ball.hpp */,
				AF11241022204553006B5DDF /* GameManager.cpp */,
				AF11241122204553006B5DDF /* GameManager.hpp */,
				AF11241422204979006B5DDF /* Brick.hpp */,
				AF11241622204A3A006B5DDF /* Bricks.cpp */,
				AF11241722204A3A006B5DDF /* Bricks.hpp */,
				AF11241A22204C45006B5DDF /* Paddle.hpp */,
				AF819652222EEF2B00EDB3D4 /* Paddle.cpp */,
				AF11241C2222CD36006B5DDF /* InputManager.cpp */,
				AF11241D2222CD36006B5DDF /* InputManager.hpp */,
			);
			path = BrickBraker;
			sourceTree = "<group>";
		};
		AFE73615221C8010006EBE63 /* Frameworks */ = {
			isa = PBXGroup;
			children = (
				AFE73616221C8011006EBE63 /* libSDL2-2.0.0.dylib */,
			);
			name = Frameworks;
			sourceTree = "<group>";
		};
/* End PBXGroup section */

/* Begin PBXNativeTarget section */
		AFE7360A221C7BB8006EBE63 /* BrickBraker */ = {
			isa = PBXNativeTarget;
			buildConfigurationList = AFE73612221C7BB8006EBE63 /* Build configuration list for PBXNativeTarget "BrickBraker" */;
			buildPhases = (
				AFE73607221C7BB8006EBE63 /* Sources */,
				AFE73608221C7BB8006EBE63 /* Frameworks */,
				AFE73609221C7BB8006EBE63 /* CopyFiles */,
			);
			buildRules = (
			);
			dependencies = (
			);
			name = BrickBraker;
			productName = BrickBraker;
			productReference = AFE7360B221C7BB8006EBE63 /* BrickBraker */;
			productType = "com.apple.product-type.tool";
		};
/* End PBXNativeTarget section */

/* Begin PBXProject section */
		AFE73603221C7BB8006EBE63 /* Project object */ = {
			isa = PBXProject;
			attributes = {
				LastUpgradeCheck = 1010;
				ORGANIZATIONNAME = "Henrik Anthony Odden Sandberg";
				TargetAttributes = {
					AFE7360A221C7BB8006EBE63 = {
						CreatedOnToolsVersion = 10.1;
					};
				};
			};
			buildConfigurationList = AFE73606221C7BB8006EBE63 /* Build configuration list for PBXProject "BrickBraker" */;
			compatibilityVersion = "Xcode 9.3";
			developmentRegion = en;
			hasScannedForEncodings = 0;
			knownRegions = (
				en,
			);
			mainGroup = AFE73602221C7BB8006EBE63;
			productRefGroup = AFE7360C221C7BB8006EBE63 /* Products */;
			projectDirPath = "";
			projectRoot = "";
			targets = (
				AFE7360A221C7BB8006EBE63 /* BrickBraker */,
			);
		};
/* End PBXProject section */

/* Begin PBXSourcesBuildPhase section */
		AFE73607221C7BB8006EBE63 /* Sources */ = {
			isa = PBXSourcesBuildPhase;
			buildActionMask = 2147483647;
			files = (
				AF11240C2220214C006B5DDF /* Ball.cpp in Sources */,
				AF11241E2222CD36006B5DDF /* InputManager.cpp in Sources */,
				AF11241222204553006B5DDF /* GameManager.cpp in Sources */,
				AF819653222EEF2B00EDB3D4 /* Paddle.cpp in Sources */,
				AFE7360F221C7BB8006EBE63 /* main.cpp in Sources */,
				AF11241822204A3A006B5DDF /* Bricks.cpp in Sources */,
			);
			runOnlyForDeploymentPostprocessing = 0;
		};
/* End PBXSourcesBuildPhase section */

/* Begin XCBuildConfiguration section */
		AFE73610221C7BB8006EBE63 /* Debug */ = {
			isa = XCBuildConfiguration;
			buildSettings = {
				ALWAYS_SEARCH_USER_PATHS = NO;
				CLANG_ANALYZER_NONNULL = YES;
				CLANG_ANALYZER_NUMBER_OBJECT_CONVERSION = YES_AGGRESSIVE;
				CLANG_CXX_LANGUAGE_STANDARD = "gnu++14";
				CLANG_CXX_LIBRARY = "libc++";
				CLANG_ENABLE_MODULES = YES;
				CLANG_ENABLE_OBJC_ARC = YES;
				CLANG_ENABLE_OBJC_WEAK = YES;
				CLANG_WARN_BLOCK_CAPTURE_AUTORELEASING = YES;
				CLANG_WARN_BOOL_CONVERSION = YES;
				CLANG_WARN_COMMA = YES;
				CLANG_WARN_CONSTANT_CONVERSION = YES;
				CLANG_WARN_DEPRECATED_OBJC_IMPLEMENTATIONS = YES;
				CLANG_WARN_DIRECT_OBJC_ISA_USAGE = YES_ERROR;
				CLANG_WARN_DOCUMENTATION_COMMENTS = YES;
				CLANG_WARN_EMPTY_BODY = YES;
				CLANG_WARN_ENUM_CONVERSION = YES;
				CLANG_WARN_INFINITE_RECURSION = YES;
				CLANG_WARN_INT_CONVERSION = YES;
				CLANG_WARN_NON_LITERAL_NULL_CONVERSION = YES;
				CLANG_WARN_OBJC_IMPLICIT_RETAIN_SELF = YES;
				CLANG_WARN_OBJC_LITERAL_CONVERSION = YES;
				CLANG_WARN_OBJC_ROOT_CLASS = YES_ERROR;
				CLANG_WARN_RANGE_LOOP_ANALYSIS = YES;
				CLANG_WARN_STRICT_PROTOTYPES = YES;
				CLANG_WARN_SUSPICIOUS_MOVE = YES;
				CLANG_WARN_UNGUARDED_AVAILABILITY = YES_AGGRESSIVE;
				CLANG_WARN_UNREACHABLE_CODE = YES;
				CLANG_WARN__DUPLICATE_METHOD_MATCH = YES;
				CODE_SIGN_IDENTITY = "Mac Developer";
				COPY_PHASE_STRIP = NO;
				DEBUG_INFORMATION_FORMAT = dwarf;
				ENABLE_STRICT_OBJC_MSGSEND = YES;
				ENABLE_TESTABILITY = YES;
				GCC_C_LANGUAGE_STANDARD = gnu11;
				GCC_DYNAMIC_NO_PIC = NO;
				GCC_NO_COMMON_BLOCKS = YES;
				GCC_OPTIMIZATION_LEVEL = 0;
				GCC_PREPROCESSOR_DEFINITIONS = (
					"DEBUG=1",
					"$(inherited)",
				);
				GCC_WARN_64_TO_32_BIT_CONVERSION = YES;
				GCC_WARN_ABOUT_RETURN_TYPE = YES_ERROR;
				GCC_WARN_UNDECLARED_SELECTOR = YES;
				GCC_WARN_UNINITIALIZED_AUTOS = YES_AGGRESSIVE;
				GCC_WARN_UNUSED_FUNCTION = YES;
				GCC_WARN_UNUSED_VARIABLE = YES;
				MACOSX_DEPLOYMENT_TARGET = 10.14;
				MTL_ENABLE_DEBUG_INFO = INCLUDE_SOURCE;
				MTL_FAST_MATH = YES;
				ONLY_ACTIVE_ARCH = YES;
				SDKROOT = macosx;
			};
			name = Debug;
		};
		AFE73611221C7BB8006EBE63 /* Release */ = {
			isa = XCBuildConfiguration;
			buildSettings = {
				ALWAYS_SEARCH_USER_PATHS = NO;
				CLANG_ANALYZER_NONNULL = YES;
				CLANG_ANALYZER_NUMBER_OBJECT_CONVERSION = YES_AGGRESSIVE;
				CLANG_CXX_LANGUAGE_STANDARD = "gnu++14";
				CLANG_CXX_LIBRARY = "libc++";
				CLANG_ENABLE_MODULES = YES;
				CLANG_ENABLE_OBJC_ARC = YES;
				CLANG_ENABLE_OBJC_WEAK = YES;
				CLANG_WARN_BLOCK_CAPTURE_AUTORELEASING = YES;
				CLANG_WARN_BOOL_CONVERSION = YES;
				CLANG_WARN_COMMA = YES;
				CLANG_WARN_CONSTANT_CONVERSION = YES;
				CLANG_WARN_DEPRECATED_OBJC_IMPLEMENTATIONS = YES;
				CLANG_WARN_DIRECT_OBJC_ISA_USAGE = YES_ERROR;
				CLANG_WARN_DOCUMENTATION_COMMENTS = YES;
				CLANG_WARN_EMPTY_BODY = YES;
				CLANG_WARN_ENUM_CONVERSION = YES;
				CLANG_WARN_INFINITE_RECURSION = YES;
				CLANG_WARN_INT_CONVERSION = YES;
				CLANG_WARN_NON_LITERAL_NULL_CONVERSION = YES;
				CLANG_WARN_OBJC_IMPLICIT_RETAIN_SELF = YES;
				CLANG_WARN_OBJC_LITERAL_CONVERSION = YES;
				CLANG_WARN_OBJC_ROOT_CLASS = YES_ERROR;
				CLANG_WARN_RANGE_LOOP_ANALYSIS = YES;
				CLANG_WARN_STRICT_PROTOTYPES = YES;
				CLANG_WARN_SUSPICIOUS_MOVE = YES;
				CLANG_WARN_UNGUARDED_AVAILABILITY = YES_AGGRESSIVE;
				CLANG_WARN_UNREACHABLE_CODE = YES;
				CLANG_WARN__DUPLICATE_METHOD_MATCH = YES;
				CODE_SIGN_IDENTITY = "Mac Developer";
				COPY_PHASE_STRIP = NO;
				DEBUG_INFORMATION_FORMAT = "dwarf-with-dsym";
				ENABLE_NS_ASSERTIONS = NO;
				ENABLE_STRICT_OBJC_MSGSEND = YES;
				GCC_C_LANGUAGE_STANDARD = gnu11;
				GCC_NO_COMMON_BLOCKS = YES;
				GCC_WARN_64_TO_32_BIT_CONVERSION = YES;
				GCC_WARN_ABOUT_RETURN_TYPE = YES_ERROR;
				GCC_WARN_UNDECLARED_SELECTOR = YES;
				GCC_WARN_UNINITIALIZED_AUTOS = YES_AGGRESSIVE;
				GCC_WARN_UNUSED_FUNCTION = YES;
				GCC_WARN_UNUSED_VARIABLE = YES;
				MACOSX_DEPLOYMENT_TARGET = 10.14;
				MTL_ENABLE_DEBUG_INFO = NO;
				MTL_FAST_MATH = YES;
				SDKROOT = macosx;
			};
			name = Release;
		};
		AFE73613221C7BB8006EBE63 /* Debug */ = {
			isa = XCBuildConfiguration;
			buildSettings = {
				CODE_SIGN_STYLE = Automatic;
				DEVELOPMENT_TEAM = 8LJBM9LES6;
				HEADER_SEARCH_PATHS = /usr/local/include;
				LIBRARY_SEARCH_PATHS = (
					"$(inherited)",
					/usr/local/Cellar/sdl2/2.0.9/lib,
				);
				PRODUCT_NAME = "$(TARGET_NAME)";
			};
			name = Debug;
		};
		AFE73614221C7BB8006EBE63 /* Release */ = {
			isa = XCBuildConfiguration;
			buildSettings = {
				CODE_SIGN_STYLE = Automatic;
				DEVELOPMENT_TEAM = 8LJBM9LES6;
				HEADER_SEARCH_PATHS = /usr/local/include;
				LIBRARY_SEARCH_PATHS = (
					"$(inherited)",
					/usr/local/Cellar/sdl2/2.0.9/lib,
				);
				PRODUCT_NAME = "$(TARGET_NAME)";
			};
			name = Release;
		};
/* End XCBuildConfiguration section */

/* Begin XCConfigurationList section */
		AFE73606221C7BB8006EBE63 /* Build configuration list for PBXProject "BrickBraker" */ = {
			isa = XCConfigurationList;
			buildConfigurations = (
				AFE73610221C7BB8006EBE63 /* Debug */,
				AFE73611221C7BB8006EBE63 /* Release */,
			);
			defaultConfigurationIsVisible = 0;
			defaultConfigurationName = Release;
		};
		AFE73612221C7BB8006EBE63 /* Build configuration list for PBXNativeTarget "BrickBraker" */ = {
			isa = XCConfigurationList;
			buildConfigurations = (
				AFE73613221C7BB8006EBE63 /* Debug */,
				AFE73614221C7BB8006EBE63 /* Release */,
			);
			defaultConfigurationIsVisible = 0;
			defaultConfigurationName = Release;
		};
/* End XCConfigurationList section */
	};
	rootObject = AFE73603221C7BB8006EBE63 /* Project object */;
}
